{
  "originHash" : "5e4bd5cdb127b198e5899628f734db41d5371315981de369026894387da947cb",
  "pins" : [
    {
      "identity" : "wwnetworking",
      "kind" : "remoteSourceControl",
      "location" : "https://github.com/William-Weng/WWNetworking.git",
      "state" : {
        "revision" : "48b103af5d09c4b3c56b184942e670ddf8dc5e92",
        "version" : "1.8.12"
      }
    },
    {
      "identity" : "wwweatherhelper",
      "kind" : "remoteSourceControl",
      "location" : "https://github.com/William-Weng/WWWeatherHelper",
      "state" : {
        "revision" : "7ef6a4f631e5c685ea63b14750529ef4afed6d45",
        "version" : "1.0.2"
      }
    }
  ],
  "version" : 3
}
