{
  "originHash" : "815ad4d5a33b3be5ddcf2243e8edf310bf7aad33597e1ca49d8151f09872a29a",
  "pins" : [
    {
      "identity" : "wwnetworking",
      "kind" : "remoteSourceControl",
      "location" : "https://github.com/William-Weng/WWNetworking.git",
      "state" : {
        "revision" : "48b103af5d09c4b3c56b184942e670ddf8dc5e92",
        "version" : "1.8.12"
      }
    }
  ],
  "version" : 3
}
